
Microsoft Visual Studio Solution File, Format Version 12.00
# Visual Studio Version 16
VisualStudioVersion = 16.0.29613.14
MinimumVisualStudioVersion = 10.0.40219.1
Project("{FAE04EC0-301F-11D3-BF4B-00C04F79EFBC}") = "TaelerCalculator", "TaelerCalculator\TaelerCalculator.csproj", "{50F05EC3-DB26-4162-A55E-7E9A90C27B0C}"
EndProject
Global
	GlobalSection(SolutionConfigurationPlatforms) = preSolution
		Debug|Any CPU = Debug|Any CPU
		Release|Any CPU = Release|Any CPU
	EndGlobalSection
	GlobalSection(ProjectConfigurationPlatforms) = postSolution
		{50F05EC3-DB26-4162-A55E-7E9A90C27B0C}.Debug|Any CPU.ActiveCfg = Debug|Any CPU
		{50F05EC3-DB26-4162-A55E-7E9A90C27B0C}.Debug|Any CPU.Build.0 = Debug|Any CPU
		{50F05EC3-DB26-4162-A55E-7E9A90C27B0C}.Release|Any CPU.ActiveCfg = Release|Any CPU
		{50F05EC3-DB26-4162-A55E-7E9A90C27B0C}.Release|Any CPU.Build.0 = Release|Any CPU
	EndGlobalSection
	GlobalSection(SolutionProperties) = preSolution
		HideSolutionNode = FALSE
	EndGlobalSection
	GlobalSection(ExtensibilityGlobals) = postSolution
		SolutionGuid = {F07770F2-B3F6-4EC0-8A91-DCE88D289988}
	EndGlobalSection
EndGlobal
